
Microsoft Visual Studio Solution File, Format Version 12.00
# Visual Studio Version 17
VisualStudioVersion = 17.1.32421.90
MinimumVisualStudioVersion = 10.0.40219.1
Project("{FAE04EC0-301F-11D3-BF4B-00C04F79EFBC}") = "AwesomeEmailExtractor", "AwesomeEmailExtractor.csproj", "{FE70A2F9-D831-462E-8705-B14623544F1C}"
EndProject
Global
	GlobalSection(SolutionConfigurationPlatforms) = preSolution
		Debug|Any CPU = Debug|Any CPU
		Release|Any CPU = Release|Any CPU
	EndGlobalSection
	GlobalSection(ProjectConfigurationPlatforms) = postSolution
		{FE70A2F9-D831-462E-8705-B14623544F1C}.Debug|Any CPU.ActiveCfg = Debug|Any CPU
		{FE70A2F9-D831-462E-8705-B14623544F1C}.Debug|Any CPU.Build.0 = Debug|Any CPU
		{FE70A2F9-D831-462E-8705-B14623544F1C}.Release|Any CPU.ActiveCfg = Release|Any CPU
		{FE70A2F9-D831-462E-8705-B14623544F1C}.Release|Any CPU.Build.0 = Release|Any CPU
	EndGlobalSection
	GlobalSection(SolutionProperties) = preSolution
		HideSolutionNode = FALSE
	EndGlobalSection
	GlobalSection(ExtensibilityGlobals) = postSolution
		SolutionGuid = {FC73771A-0ACD-4A6D-8C37-DD61308BF996}
	EndGlobalSection
EndGlobal
